// !$*UTF8*$!
{
	archiveVersion = 1;
	classes = {
	};
	objectVersion = 46;
	objects = {

/* Begin PBXBuildFile section */
		43105CF31D20606400C60ED1 /* CalculatorBrain.swift in Sources */ = {isa = PBXBuildFile; fileRef = 43105CF21D20606400C60ED1 /* CalculatorBrain.swift */; };
		43E5300F1D1B823B00ACB37A /* AppDelegate.swift in Sources */ = {isa = PBXBuildFile; fileRef = 43E5300E1D1B823B00ACB37A /* AppDelegate.swift */; };
		43E530111D1B823B00ACB37A /* ViewController.swift in Sources */ = {isa = PBXBuildFile; fileRef = 43E530101D1B823B00ACB37A /* ViewController.swift */; };
		43E530141D1B823B00ACB37A /* Main.storyboard in Resources */ = {isa = PBXBuildFile; fileRef = 43E530121D1B823B00ACB37A /* Main.storyboard */; };
		43E530161D1B823B00ACB37A /* Assets.xcassets in Resources */ = {isa = PBXBuildFile; fileRef = 43E530151D1B823B00ACB37A /* Assets.xcassets */; };
		43E530191D1B823B00ACB37A /* LaunchScreen.storyboard in Resources */ = {isa = PBXBuildFile; fileRef = 43E530171D1B823B00ACB37A /* LaunchScreen.storyboard */; };
/* End PBXBuildFile section */

/* Begin PBXFileReference section */
		43105CF21D20606400C60ED1 /* CalculatorBrain.swift */ = {isa = PBXFileReference; fileEncoding = 4; lastKnownFileType = sourcecode.swift; path = CalculatorBrain.swift; sourceTree = "<group>"; };
		43E5300B1D1B823B00ACB37A /* Calculator.app */ = {isa = PBXFileReference; explicitFileType = wrapper.application; includeInIndex = 0; path = Calculator.app; sourceTree = BUILT_PRODUCTS_DIR; };
		43E5300E1D1B823B00ACB37A /* AppDelegate.swift */ = {isa = PBXFileReference; lastKnownFileType = sourcecode.swift; path = AppDelegate.swift; sourceTree = "<group>"; };
		43E530101D1B823B00ACB37A /* ViewController.swift */ = {isa = PBXFileReference; lastKnownFileType = sourcecode.swift; path = ViewController.swift; sourceTree = "<group>"; };
		43E530131D1B823B00ACB37A /* Base */ = {isa = PBXFileReference; lastKnownFileType = file.storyboard; name = Base; path = Base.lproj/Main.storyboard; sourceTree = "<group>"; };
		43E530151D1B823B00ACB37A /* Assets.xcassets */ = {isa = PBXFileReference; lastKnownFileType = folder.assetcatalog; path = Assets.xcassets; sourceTree = "<group>"; };
		43E530181D1B823B00ACB37A /* Base */ = {isa = PBXFileReference; lastKnownFileType = file.storyboard; name = Base; path = Base.lproj/LaunchScreen.storyboard; sourceTree = "<group>"; };
		43E5301A1D1B823C00ACB37A /* Info.plist */ = {isa = PBXFileReference; lastKnownFileType = text.plist.xml; path = Info.plist; sourceTree = "<group>"; };
/* End PBXFileReference section */

/* Begin PBXFrameworksBuildPhase section */
		43E530081D1B823B00ACB37A /* Frameworks */ = {
			isa = PBXFrameworksBuildPhase;
			buildActionMask = 2147483647;
			files = (
			);
			runOnlyForDeploymentPostprocessing = 0;
		};
/* End PBXFrameworksBuildPhase section */

/* Begin PBXGroup section */
		43E530021D1B823B00ACB37A = {
			isa = PBXGroup;
			children = (
				43E5300D1D1B823B00ACB37A /* Calculator */,
				43E5300C1D1B823B00ACB37A /* Products */,
			);
			sourceTree = "<group>";
		};
		43E5300C1D1B823B00ACB37A /* Products */ = {
			isa = PBXGroup;
			children = (
				43E5300B1D1B823B00ACB37A /* Calculator.app */,
			);
			name = Products;
			sourceTree = "<group>";
		};
		43E5300D1D1B823B00ACB37A /* Calculator */ = {
			isa = PBXGroup;
			children = (
				43E5300E1D1B823B00ACB37A /* AppDelegate.swift */,
				43E530101D1B823B00ACB37A /* ViewController.swift */,
				43E530121D1B823B00ACB37A /* Main.storyboard */,
				43105CF21D20606400C60ED1 /* CalculatorBrain.swift */,
				43E530151D1B823B00ACB37A /* Assets.xcassets */,
				43E530171D1B823B00ACB37A /* LaunchScreen.storyboard */,
				43E5301A1D1B823C00ACB37A /* Info.plist */,
			);
			path = Calculator;
			sourceTree = "<group>";
		};
/* End PBXGroup section */

/* Begin PBXNativeTarget section */
		43E5300A1D1B823B00ACB37A /* Calculator */ = {
			isa = PBXNativeTarget;
			buildConfigurationList = 43E5301D1D1B823C00ACB37A /* Build configuration list for PBXNativeTarget "Calculator" */;
			buildPhases = (
				43E530071D1B823B00ACB37A /* Sources */,
				43E530081D1B823B00ACB37A /* Frameworks */,
				43E530091D1B823B00ACB37A /* Resources */,
			);
			buildRules = (
			);
			dependencies = (
			);
			name = Calculator;
			productName = Calculator;
			productReference = 43E5300B1D1B823B00ACB37A /* Calculator.app */;
			productType = "com.apple.product-type.application";
		};
/* End PBXNativeTarget section */

/* Begin PBXProject section */
		43E530031D1B823B00ACB37A /* Project object */ = {
			isa = PBXProject;
			attributes = {
				LastSwiftUpdateCheck = 0730;
				LastUpgradeCheck = 0730;
				ORGANIZATIONNAME = "Julio Marquez";
				TargetAttributes = {
					43E5300A1D1B823B00ACB37A = {
						CreatedOnToolsVersion = 7.3.1;
						DevelopmentTeam = H3QM6DKAS9;
					};
				};
			};
			buildConfigurationList = 43E530061D1B823B00ACB37A /* Build configuration list for PBXProject "Calculator" */;
			compatibilityVersion = "Xcode 3.2";
			developmentRegion = English;
			hasScannedForEncodings = 0;
			knownRegions = (
				en,
				Base,
			);
			mainGroup = 43E530021D1B823B00ACB37A;
			productRefGroup = 43E5300C1D1B823B00ACB37A /* Products */;
			projectDirPath = "";
			projectRoot = "";
			targets = (
				43E5300A1D1B823B00ACB37A /* Calculator */,
			);
		};
/* End PBXProject section */

/* Begin PBXResourcesBuildPhase section */
		43E530091D1B823B00ACB37A /* Resources */ = {
			isa = PBXResourcesBuildPhase;
			buildActionMask = 2147483647;
			files = (
				43E530191D1B823B00ACB37A /* LaunchScreen.storyboard in Resources */,
				43E530161D1B823B00ACB37A /* Assets.xcassets in Resources */,
				43E530141D1B823B00ACB37A /* Main.storyboard in Resources */,
			);
			runOnlyForDeploymentPostprocessing = 0;
		};
/* End PBXResourcesBuildPhase section */

/* Begin PBXSourcesBuildPhase section */
		43E530071D1B823B00ACB37A /* Sources */ = {
			isa = PBXSourcesBuildPhase;
			buildActionMask = 2147483647;
			files = (
				43105CF31D20606400C60ED1 /* CalculatorBrain.swift in Sources */,
				43E530111D1B823B00ACB37A /* ViewController.swift in Sources */,
				43E5300F1D1B823B00ACB37A /* AppDelegate.swift in Sources */,
			);
			runOnlyForDeploymentPostprocessing = 0;
		};
/* End PBXSourcesBuildPhase section */

/* Begin PBXVariantGroup section */
		43E530121D1B823B00ACB37A /* Main.storyboard */ = {
			isa = PBXVariantGroup;
			children = (
				43E530131D1B823B00ACB37A /* Base */,
			);
			name = Main.storyboard;
			sourceTree = "<group>";
		};
		43E530171D1B823B00ACB37A /* LaunchScreen.storyboard */ = {
			isa = PBXVariantGroup;
			children = (
				43E530181D1B823B00ACB37A /* Base */,
			);
			name = LaunchScreen.storyboard;
			sourceTree = "<group>";
		};
/* End PBXVariantGroup section */

/* Begin XCBuildConfiguration section */
		43E5301B1D1B823C00ACB37A /* Debug */ = {
			isa = XCBuildConfiguration;
			buildSettings = {
				ALWAYS_SEARCH_USER_PATHS = NO;
				CLANG_ANALYZER_NONNULL = YES;
				CLANG_CXX_LANGUAGE_STANDARD = "gnu++0x";
				CLANG_CXX_LIBRARY = "libc++";
				CLANG_ENABLE_MODULES = YES;
				CLANG_ENABLE_OBJC_ARC = YES;
				CLANG_WARN_BOOL_CONVERSION = YES;
				CLANG_WARN_CONSTANT_CONVERSION = YES;
				CLANG_WARN_DIRECT_OBJC_ISA_USAGE = YES_ERROR;
				CLANG_WARN_EMPTY_BODY = YES;
				CLANG_WARN_ENUM_CONVERSION = YES;
				CLANG_WARN_INT_CONVERSION = YES;
				CLANG_WARN_OBJC_ROOT_CLASS = YES_ERROR;
				CLANG_WARN_UNREACHABLE_CODE = YES;
				CLANG_WARN__DUPLICATE_METHOD_MATCH = YES;
				"CODE_SIGN_IDENTITY[sdk=iphoneos*]" = "iPhone Developer";
				COPY_PHASE_STRIP = NO;
				DEBUG_INFORMATION_FORMAT = dwarf;
				ENABLE_STRICT_OBJC_MSGSEND = YES;
				ENABLE_TESTABILITY = YES;
				GCC_C_LANGUAGE_STANDARD = gnu99;
				GCC_DYNAMIC_NO_PIC = NO;
				GCC_NO_COMMON_BLOCKS = YES;
				GCC_OPTIMIZATION_LEVEL = 0;
				GCC_PREPROCESSOR_DEFINITIONS = (
					"DEBUG=1",
					"$(inherited)",
				);
				GCC_WARN_64_TO_32_BIT_CONVERSION = YES;
				GCC_WARN_ABOUT_RETURN_TYPE = YES_ERROR;
				GCC_WARN_UNDECLARED_SELECTOR = YES;
				GCC_WARN_UNINITIALIZED_AUTOS = YES_AGGRESSIVE;
				GCC_WARN_UNUSED_FUNCTION = YES;
				GCC_WARN_UNUSED_VARIABLE = YES;
				IPHONEOS_DEPLOYMENT_TARGET = 9.3;
				MTL_ENABLE_DEBUG_INFO = YES;
				ONLY_ACTIVE_ARCH = YES;
				SDKROOT = iphoneos;
				SWIFT_OPTIMIZATION_LEVEL = "-Onone";
				TARGETED_DEVICE_FAMILY = "1,2";
			};
			name = Debug;
		};
		43E5301C1D1B823C00ACB37A /* Release */ = {
			isa = XCBuildConfiguration;
			buildSettings = {
				ALWAYS_SEARCH_USER_PATHS = NO;
				CLANG_ANALYZER_NONNULL = YES;
				CLANG_CXX_LANGUAGE_STANDARD = "gnu++0x";
				CLANG_CXX_LIBRARY = "libc++";
				CLANG_ENABLE_MODULES = YES;
				CLANG_ENABLE_OBJC_ARC = YES;
				CLANG_WARN_BOOL_CONVERSION = YES;
				CLANG_WARN_CONSTANT_CONVERSION = YES;
				CLANG_WARN_DIRECT_OBJC_ISA_USAGE = YES_ERROR;
				CLANG_WARN_EMPTY_BODY = YES;
				CLANG_WARN_ENUM_CONVERSION = YES;
				CLANG_WARN_INT_CONVERSION = YES;
				CLANG_WARN_OBJC_ROOT_CLASS = YES_ERROR;
				CLANG_WARN_UNREACHABLE_CODE = YES;
				CLANG_WARN__DUPLICATE_METHOD_MATCH = YES;
				"CODE_SIGN_IDENTITY[sdk=iphoneos*]" = "iPhone Developer";
				COPY_PHASE_STRIP = NO;
				DEBUG_INFORMATION_FORMAT = "dwarf-with-dsym";
				ENABLE_NS_ASSERTIONS = NO;
				ENABLE_STRICT_OBJC_MSGSEND = YES;
				GCC_C_LANGUAGE_STANDARD = gnu99;
				GCC_NO_COMMON_BLOCKS = YES;
				GCC_WARN_64_TO_32_BIT_CONVERSION = YES;
				GCC_WARN_ABOUT_RETURN_TYPE = YES_ERROR;
				GCC_WARN_UNDECLARED_SELECTOR = YES;
				GCC_WARN_UNINITIALIZED_AUTOS = YES_AGGRESSIVE;
				GCC_WARN_UNUSED_FUNCTION = YES;
				GCC_WARN_UNUSED_VARIABLE = YES;
				IPHONEOS_DEPLOYMENT_TARGET = 9.3;
				MTL_ENABLE_DEBUG_INFO = NO;
				SDKROOT = iphoneos;
				TARGETED_DEVICE_FAMILY = "1,2";
				VALIDATE_PRODUCT = YES;
			};
			name = Release;
		};
		43E5301E1D1B823C00ACB37A /* Debug */ = {
			isa = XCBuildConfiguration;
			buildSettings = {
				ASSETCATALOG_COMPILER_APPICON_NAME = AppIcon;
				INFOPLIST_FILE = Calculator/Info.plist;
				LD_RUNPATH_SEARCH_PATHS = "$(inherited) @executable_path/Frameworks";
				PRODUCT_BUNDLE_IDENTIFIER = com.UBIK.JulioMarquez.Calculator;
				PRODUCT_NAME = "$(TARGET_NAME)";
			};
			name = Debug;
		};
		43E5301F1D1B823C00ACB37A /* Release */ = {
			isa = XCBuildConfiguration;
			buildSettings = {
				ASSETCATALOG_COMPILER_APPICON_NAME = AppIcon;
				INFOPLIST_FILE = Calculator/Info.plist;
				LD_RUNPATH_SEARCH_PATHS = "$(inherited) @executable_path/Frameworks";
				PRODUCT_BUNDLE_IDENTIFIER = com.UBIK.JulioMarquez.Calculator;
				PRODUCT_NAME = "$(TARGET_NAME)";
			};
			name = Release;
		};
/* End XCBuildConfiguration section */

/* Begin XCConfigurationList section */
		43E530061D1B823B00ACB37A /* Build configuration list for PBXProject "Calculator" */ = {
			isa = XCConfigurationList;
			buildConfigurations = (
				43E5301B1D1B823C00ACB37A /* Debug */,
				43E5301C1D1B823C00ACB37A /* Release */,
			);
			defaultConfigurationIsVisible = 0;
			defaultConfigurationName = Release;
		};
		43E5301D1D1B823C00ACB37A /* Build configuration list for PBXNativeTarget "Calculator" */ = {
			isa = XCConfigurationList;
			buildConfigurations = (
				43E5301E1D1B823C00ACB37A /* Debug */,
				43E5301F1D1B823C00ACB37A /* Release */,
			);
			defaultConfigurationIsVisible = 0;
			defaultConfigurationName = Release;
		};
/* End XCConfigurationList section */
	};
	rootObject = 43E530031D1B823B00ACB37A /* Project object */;
}
